
Microsoft Visual Studio Solution File, Format Version 12.00
# Visual Studio Version 17
VisualStudioVersion = 17.4.33213.308
MinimumVisualStudioVersion = 10.0.40219.1
Project("{FAE04EC0-301F-11D3-BF4B-00C04F79EFBC}") = "SortingByChoice", "SortingByChoice\SortingByChoice.csproj", "{7B39FEA4-6C3B-43EE-B773-2F17C84F024D}"
EndProject
Global
	GlobalSection(SolutionConfigurationPlatforms) = preSolution
		Debug|Any CPU = Debug|Any CPU
		Release|Any CPU = Release|Any CPU
	EndGlobalSection
	GlobalSection(ProjectConfigurationPlatforms) = postSolution
		{7B39FEA4-6C3B-43EE-B773-2F17C84F024D}.Debug|Any CPU.ActiveCfg = Debug|Any CPU
		{7B39FEA4-6C3B-43EE-B773-2F17C84F024D}.Debug|Any CPU.Build.0 = Debug|Any CPU
		{7B39FEA4-6C3B-43EE-B773-2F17C84F024D}.Release|Any CPU.ActiveCfg = Release|Any CPU
		{7B39FEA4-6C3B-43EE-B773-2F17C84F024D}.Release|Any CPU.Build.0 = Release|Any CPU
	EndGlobalSection
	GlobalSection(SolutionProperties) = preSolution
		HideSolutionNode = FALSE
	EndGlobalSection
	GlobalSection(ExtensibilityGlobals) = postSolution
		SolutionGuid = {E2E5A8DC-76F4-4A8B-8FAE-5D1DCCABBD82}
	EndGlobalSection
EndGlobal
